
Microsoft Visual Studio Solution File, Format Version 12.00
# Visual Studio 15
Project("{FAE04EC0-301F-11D3-BF4B-00C04F79EFBC}") = "Assembly-CSharp", "Assembly-CSharp.csproj", "{322E685B-2588-CCA5-A8B9-D4D81EBAB7CF}"
EndProject
Project("{FAE04EC0-301F-11D3-BF4B-00C04F79EFBC}") = "Assembly-CSharp-Editor", "Assembly-CSharp-Editor.csproj", "{0C516B50-9BC5-A673-D67B-96A9FA212529}"
EndProject
Global
	GlobalSection(SolutionConfigurationPlatforms) = preSolution
		Debug|Any CPU = Debug|Any CPU
		Release|Any CPU = Release|Any CPU
	EndGlobalSection
	GlobalSection(ProjectConfigurationPlatforms) = postSolution
		{322E685B-2588-CCA5-A8B9-D4D81EBAB7CF}.Debug|Any CPU.ActiveCfg = Debug|Any CPU
		{322E685B-2588-CCA5-A8B9-D4D81EBAB7CF}.Debug|Any CPU.Build.0 = Debug|Any CPU
		{322E685B-2588-CCA5-A8B9-D4D81EBAB7CF}.Release|Any CPU.ActiveCfg = Release|Any CPU
		{322E685B-2588-CCA5-A8B9-D4D81EBAB7CF}.Release|Any CPU.Build.0 = Release|Any CPU
		{0C516B50-9BC5-A673-D67B-96A9FA212529}.Debug|Any CPU.ActiveCfg = Debug|Any CPU
		{0C516B50-9BC5-A673-D67B-96A9FA212529}.Debug|Any CPU.Build.0 = Debug|Any CPU
		{0C516B50-9BC5-A673-D67B-96A9FA212529}.Release|Any CPU.ActiveCfg = Release|Any CPU
		{0C516B50-9BC5-A673-D67B-96A9FA212529}.Release|Any CPU.Build.0 = Release|Any CPU
	EndGlobalSection
	GlobalSection(SolutionProperties) = preSolution
		HideSolutionNode = FALSE
	EndGlobalSection
EndGlobal
